{
  "version": 4,
  "terraform_version": "1.1.9",
  "serial": 152,
  "lineage": "b8b69984-a5d7-2a17-5649-b100f9a377e0",
  "outputs": {
    "a": {
      "value": "foo",
      "type": "string"
    },
    "alpha_value": {
      "value": 2,
      "type": "number"
    },
    "any_example": {
      "value": {
        "field1": "foo",
        "field2": "bar"
      },
      "type": [
        "object",
        {
          "field1": "string",
          "field2": "string"
        }
      ]
    },
    "b": {
      "value": true,
      "type": "bool"
    },
    "bucket_cloudzsh": {
      "value": {
        "arn": "arn:aws:s3:::cloudzsh",
        "bucket": "cloudzsh",
        "bucket_domain_name": "cloudzsh.s3.amazonaws.com",
        "bucket_regional_domain_name": "cloudzsh.s3.ap-south-1.amazonaws.com",
        "hosted_zone_id": "Z11RGJOFQNVJUP",
        "id": "cloudzsh",
        "region": "ap-south-1",
        "website_domain": "s3-website.ap-south-1.amazonaws.com",
        "website_endpoint": "cloudzsh.s3-website.ap-south-1.amazonaws.com"
      },
      "type": [
        "object",
        {
          "arn": "string",
          "bucket": "string",
          "bucket_domain_name": "string",
          "bucket_regional_domain_name": "string",
          "hosted_zone_id": "string",
          "id": "string",
          "region": "string",
          "website_domain": "string",
          "website_endpoint": "string"
        }
      ]
    },
    "bucket_cloudzsh_arn": {
      "value": "arn:aws:s3:::cloudzsh",
      "type": "string"
    },
    "bucket_cloudzsh_name_arn": {
      "value": "bucket name: cloudzsh, bucket arn: arn:aws:s3:::cloudzsh",
      "type": "string"
    },
    "c": {
      "value": 123,
      "type": "number"
    },
    "list": {
      "value": [
        "foo",
        "bar",
        "baz"
      ],
      "type": [
        "list",
        "string"
      ]
    },
    "list_as_set": {
      "value": [
        "bar",
        "foo"
      ],
      "type": [
        "set",
        "string"
      ]
    },
    "list_indexing": {
      "value": "bar",
      "type": "string"
    },
    "list_length": {
      "value": 3,
      "type": "number"
    },
    "map": {
      "value": {
        "alpha": 2,
        "bravo": 3
      },
      "type": [
        "map",
        "number"
      ]
    },
    "my_list": {
      "value": [
        "foo",
        "bar",
        "foo"
      ],
      "type": [
        "list",
        "string"
      ]
    },
    "my_set": {
      "value": [
        2,
        7
      ],
      "type": [
        "set",
        "number"
      ]
    },
    "person": {
      "value": {
        "age": 10,
        "name": "Bob"
      },
      "type": [
        "object",
        {
          "age": "number",
          "name": "string"
        }
      ]
    },
    "person_with_address": {
      "value": {
        "address": {
          "county": "Cambridgeshire",
          "line1": "1 the road",
          "line2": "St Ives",
          "postcode": "CB1 2GB"
        },
        "age": 21,
        "name": "Jim"
      },
      "type": [
        "object",
        {
          "address": [
            "object",
            {
              "county": "string",
              "line1": "string",
              "line2": "string",
              "postcode": "string"
            }
          ],
          "age": "number",
          "name": "string"
        }
      ]
    },
    "rendered_template": {
      "value": "hello there kevin\nthere are 7 things to say\n",
      "type": "string"
    },
    "rendered_template_arr_iter": {
      "value": "backend 10.0.0.1:8080\nbackend 10.0.0.2:8080\n",
      "type": "string"
    },
    "selected_instance": {
      "value": "t3.small",
      "type": "string"
    },
    "tup": {
      "value": [
        4,
        "hello",
        false
      ],
      "type": [
        "tuple",
        [
          "number",
          "string",
          "bool"
        ]
      ]
    },
    "work_queue": {
      "value": {
        "arn": "arn:aws:sqs:ap-south-1:324474139280:bad_co-work-queue",
        "content_based_deduplication": false,
        "deduplication_scope": "",
        "delay_seconds": 0,
        "fifo_queue": false,
        "fifo_throughput_limit": "",
        "id": "https://sqs.ap-south-1.amazonaws.com/324474139280/bad_co-work-queue",
        "kms_data_key_reuse_period_seconds": 300,
        "kms_master_key_id": "",
        "max_message_size": 262144,
        "message_retention_seconds": 345600,
        "name": "bad_co-work-queue",
        "name_prefix": "",
        "policy": "",
        "receive_wait_time_seconds": 20,
        "redrive_allow_policy": "",
        "redrive_policy": "{\"deadLetterTargetArn\":\"arn:aws:sqs:ap-south-1:324474139280:bad_co-work-queue-dead-letter\",\"maxReceiveCount\":5}",
        "sqs_managed_sse_enabled": false,
        "tags": {},
        "tags_all": {},
        "url": "https://sqs.ap-south-1.amazonaws.com/324474139280/bad_co-work-queue",
        "visibility_timeout_seconds": 30
      },
      "type": [
        "object",
        {
          "arn": "string",
          "content_based_deduplication": "bool",
          "deduplication_scope": "string",
          "delay_seconds": "number",
          "fifo_queue": "bool",
          "fifo_throughput_limit": "string",
          "id": "string",
          "kms_data_key_reuse_period_seconds": "number",
          "kms_master_key_id": "string",
          "max_message_size": "number",
          "message_retention_seconds": "number",
          "name": "string",
          "name_prefix": "string",
          "policy": "string",
          "receive_wait_time_seconds": "number",
          "redrive_allow_policy": "string",
          "redrive_policy": "string",
          "sqs_managed_sse_enabled": "bool",
          "tags": [
            "map",
            "string"
          ],
          "tags_all": [
            "map",
            "string"
          ],
          "url": "string",
          "visibility_timeout_seconds": "number"
        }
      ]
    },
    "work_queue_dead_letter_queue": {
      "value": {
        "arn": "arn:aws:sqs:ap-south-1:324474139280:bad_co-work-queue-dead-letter",
        "content_based_deduplication": false,
        "deduplication_scope": "",
        "delay_seconds": 0,
        "fifo_queue": false,
        "fifo_throughput_limit": "",
        "id": "https://sqs.ap-south-1.amazonaws.com/324474139280/bad_co-work-queue-dead-letter",
        "kms_data_key_reuse_period_seconds": 300,
        "kms_master_key_id": "",
        "max_message_size": 262144,
        "message_retention_seconds": 1209600,
        "name": "bad_co-work-queue-dead-letter",
        "name_prefix": "",
        "policy": "",
        "receive_wait_time_seconds": 20,
        "redrive_allow_policy": "",
        "redrive_policy": "",
        "sqs_managed_sse_enabled": false,
        "tags": {},
        "tags_all": {},
        "url": "https://sqs.ap-south-1.amazonaws.com/324474139280/bad_co-work-queue-dead-letter",
        "visibility_timeout_seconds": 30
      },
      "type": [
        "object",
        {
          "arn": "string",
          "content_based_deduplication": "bool",
          "deduplication_scope": "string",
          "delay_seconds": "number",
          "fifo_queue": "bool",
          "fifo_throughput_limit": "string",
          "id": "string",
          "kms_data_key_reuse_period_seconds": "number",
          "kms_master_key_id": "string",
          "max_message_size": "number",
          "message_retention_seconds": "number",
          "name": "string",
          "name_prefix": "string",
          "policy": "string",
          "receive_wait_time_seconds": "number",
          "redrive_allow_policy": "string",
          "redrive_policy": "string",
          "sqs_managed_sse_enabled": "bool",
          "tags": [
            "map",
            "string"
          ],
          "tags_all": [
            "map",
            "string"
          ],
          "url": "string",
          "visibility_timeout_seconds": "number"
        }
      ]
    }
  },
  "resources": [
    {
      "mode": "data",
      "type": "aws_iam_policy_document",
      "name": "policy_s3_1",
      "provider": "provider[\"registry.terraform.io/hashicorp/aws\"]",
      "instances": [
        {
          "schema_version": 0,
          "attributes": {
            "id": "1967354990",
            "json": "{\n  \"Version\": \"2012-10-17\",\n  \"Statement\": [\n    {\n      \"Sid\": \"\",\n      \"Effect\": \"Allow\",\n      \"Action\": \"s3:ListBucket\",\n      \"Resource\": \"arn:aws:s3:::cloudzsh\"\n    }\n  ]\n}",
            "override_json": null,
            "override_policy_documents": null,
            "policy_id": null,
            "source_json": null,
            "source_policy_documents": null,
            "statement": [
              {
                "actions": [
                  "s3:ListBucket"
                ],
                "condition": [],
                "effect": "Allow",
                "not_actions": [],
                "not_principals": [],
                "not_resources": [],
                "principals": [],
                "resources": [
                  "arn:aws:s3:::cloudzsh"
                ],
                "sid": ""
              }
            ],
            "version": "2012-10-17"
          },
          "sensitive_attributes": []
        }
      ]
    },
    {
      "mode": "data",
      "type": "aws_s3_bucket",
      "name": "bucket",
      "provider": "provider[\"registry.terraform.io/hashicorp/aws\"]",
      "instances": [
        {
          "schema_version": 0,
          "attributes": {
            "arn": "arn:aws:s3:::cloudzsh",
            "bucket": "cloudzsh",
            "bucket_domain_name": "cloudzsh.s3.amazonaws.com",
            "bucket_regional_domain_name": "cloudzsh.s3.ap-south-1.amazonaws.com",
            "hosted_zone_id": "Z11RGJOFQNVJUP",
            "id": "cloudzsh",
            "region": "ap-south-1",
            "website_domain": "s3-website.ap-south-1.amazonaws.com",
            "website_endpoint": "cloudzsh.s3-website.ap-south-1.amazonaws.com"
          },
          "sensitive_attributes": []
        }
      ]
    },
    {
      "mode": "managed",
      "type": "aws_iam_policy",
      "name": "my_bucket_policy",
      "provider": "provider[\"registry.terraform.io/hashicorp/aws\"]",
      "instances": [
        {
          "schema_version": 0,
          "attributes": {
            "arn": "arn:aws:iam::324474139280:policy/my-bucket-policy",
            "description": "",
            "id": "arn:aws:iam::324474139280:policy/my-bucket-policy",
            "name": "my-bucket-policy",
            "name_prefix": null,
            "path": "/",
            "policy": "{\"Statement\":[{\"Action\":[\"s3:ListBucket\"],\"Effect\":\"Allow\",\"Resource\":\"*\"}],\"Version\":\"2012-10-17\"}",
            "policy_id": "ANPAUXDBKOKINNDPWCC2I",
            "tags": {},
            "tags_all": {}
          },
          "sensitive_attributes": [],
          "private": "bnVsbA=="
        }
      ]
    },
    {
      "mode": "managed",
      "type": "aws_s3_bucket",
      "name": "bucket",
      "provider": "provider[\"registry.terraform.io/hashicorp/aws\"]",
      "instances": [
        {
          "schema_version": 0,
          "attributes": {
            "acceleration_status": "",
            "acl": null,
            "arn": "arn:aws:s3:::santa199",
            "bucket": "santa199",
            "bucket_domain_name": "santa199.s3.amazonaws.com",
            "bucket_prefix": null,
            "bucket_regional_domain_name": "santa199.s3.ap-south-1.amazonaws.com",
            "cors_rule": [],
            "force_destroy": false,
            "grant": [
              {
                "id": "5e500477b9d04522250a118198802fbbc75ba5f875fdcaa9469d98c19ca6e405",
                "permissions": [
                  "FULL_CONTROL"
                ],
                "type": "CanonicalUser",
                "uri": ""
              }
            ],
            "hosted_zone_id": "Z11RGJOFQNVJUP",
            "id": "santa199",
            "lifecycle_rule": [],
            "logging": [],
            "object_lock_configuration": [],
            "object_lock_enabled": false,
            "policy": "",
            "region": "ap-south-1",
            "replication_configuration": [],
            "request_payer": "BucketOwner",
            "server_side_encryption_configuration": [],
            "tags": {},
            "tags_all": {},
            "versioning": [
              {
                "enabled": false,
                "mfa_delete": false
              }
            ],
            "website": [],
            "website_domain": null,
            "website_endpoint": null
          },
          "sensitive_attributes": [],
          "private": "bnVsbA=="
        }
      ]
    },
    {
      "mode": "managed",
      "type": "aws_s3_bucket",
      "name": "bucket_from_locals",
      "provider": "provider[\"registry.terraform.io/hashicorp/aws\"]",
      "instances": [
        {
          "schema_version": 0,
          "attributes": {
            "acceleration_status": "",
            "acl": null,
            "arn": "arn:aws:s3:::hello-there-how-are-you-today",
            "bucket": "hello-there-how-are-you-today",
            "bucket_domain_name": "hello-there-how-are-you-today.s3.amazonaws.com",
            "bucket_prefix": null,
            "bucket_regional_domain_name": "hello-there-how-are-you-today.s3.ap-south-1.amazonaws.com",
            "cors_rule": [],
            "force_destroy": false,
            "grant": [
              {
                "id": "5e500477b9d04522250a118198802fbbc75ba5f875fdcaa9469d98c19ca6e405",
                "permissions": [
                  "FULL_CONTROL"
                ],
                "type": "CanonicalUser",
                "uri": ""
              }
            ],
            "hosted_zone_id": "Z11RGJOFQNVJUP",
            "id": "hello-there-how-are-you-today",
            "lifecycle_rule": [],
            "logging": [],
            "object_lock_configuration": [],
            "object_lock_enabled": false,
            "policy": "",
            "region": "ap-south-1",
            "replication_configuration": [],
            "request_payer": "BucketOwner",
            "server_side_encryption_configuration": [],
            "tags": {},
            "tags_all": {},
            "versioning": [
              {
                "enabled": false,
                "mfa_delete": false
              }
            ],
            "website": [],
            "website_domain": null,
            "website_endpoint": null
          },
          "sensitive_attributes": [],
          "private": "bnVsbA=="
        }
      ]
    },
    {
      "mode": "managed",
      "type": "aws_s3_bucket",
      "name": "first_bucket",
      "provider": "provider[\"registry.terraform.io/hashicorp/aws\"]",
      "instances": [
        {
          "schema_version": 0,
          "attributes": {
            "acceleration_status": "",
            "acl": null,
            "arn": "arn:aws:s3:::vatadepalli-first-bucket",
            "bucket": "vatadepalli-first-bucket",
            "bucket_domain_name": "vatadepalli-first-bucket.s3.amazonaws.com",
            "bucket_prefix": null,
            "bucket_regional_domain_name": "vatadepalli-first-bucket.s3.ap-south-1.amazonaws.com",
            "cors_rule": [],
            "force_destroy": false,
            "grant": [
              {
                "id": "5e500477b9d04522250a118198802fbbc75ba5f875fdcaa9469d98c19ca6e405",
                "permissions": [
                  "FULL_CONTROL"
                ],
                "type": "CanonicalUser",
                "uri": ""
              }
            ],
            "hosted_zone_id": "Z11RGJOFQNVJUP",
            "id": "vatadepalli-first-bucket",
            "lifecycle_rule": [],
            "logging": [],
            "object_lock_configuration": [],
            "object_lock_enabled": false,
            "policy": "",
            "region": "ap-south-1",
            "replication_configuration": [],
            "request_payer": "BucketOwner",
            "server_side_encryption_configuration": [],
            "tags": {},
            "tags_all": {},
            "versioning": [
              {
                "enabled": false,
                "mfa_delete": false
              }
            ],
            "website": [],
            "website_domain": null,
            "website_endpoint": null
          },
          "sensitive_attributes": [],
          "private": "bnVsbA=="
        }
      ]
    },
    {
      "mode": "managed",
      "type": "aws_security_group",
      "name": "my_security_group",
      "provider": "provider[\"registry.terraform.io/hashicorp/aws\"]",
      "instances": [
        {
          "schema_version": 1,
          "attributes": {
            "arn": "arn:aws:ec2:ap-south-1:324474139280:security-group/sg-0939626031c0d113d",
            "description": "Managed by Terraform",
            "egress": [],
            "id": "sg-0939626031c0d113d",
            "ingress": [
              {
                "cidr_blocks": [
                  "0.0.0.0/0"
                ],
                "description": "",
                "from_port": 443,
                "ipv6_cidr_blocks": [],
                "prefix_list_ids": [],
                "protocol": "tcp",
                "security_groups": [],
                "self": false,
                "to_port": 443
              },
              {
                "cidr_blocks": [
                  "0.0.0.0/0"
                ],
                "description": "",
                "from_port": 80,
                "ipv6_cidr_blocks": [],
                "prefix_list_ids": [],
                "protocol": "tcp",
                "security_groups": [],
                "self": false,
                "to_port": 80
              }
            ],
            "name": "Example security group",
            "name_prefix": "",
            "owner_id": "324474139280",
            "revoke_rules_on_delete": false,
            "tags": {},
            "tags_all": {},
            "timeouts": null,
            "vpc_id": "vpc-06f64119a8e4d9f0a"
          },
          "sensitive_attributes": [],
          "private": "eyJlMmJmYjczMC1lY2FhLTExZTYtOGY4OC0zNDM2M2JjN2M0YzAiOnsiY3JlYXRlIjo2MDAwMDAwMDAwMDAsImRlbGV0ZSI6OTAwMDAwMDAwMDAwfSwic2NoZW1hX3ZlcnNpb24iOiIxIn0=",
          "dependencies": [
            "aws_vpc.my_vpc"
          ]
        }
      ]
    },
    {
      "mode": "managed",
      "type": "aws_security_group_rule",
      "name": "http_in",
      "provider": "provider[\"registry.terraform.io/hashicorp/aws\"]",
      "instances": [
        {
          "schema_version": 2,
          "attributes": {
            "cidr_blocks": [
              "0.0.0.0/0"
            ],
            "description": "",
            "from_port": 80,
            "id": "sgrule-2549536468",
            "ipv6_cidr_blocks": [],
            "prefix_list_ids": [],
            "protocol": "tcp",
            "security_group_id": "sg-0939626031c0d113d",
            "self": false,
            "source_security_group_id": null,
            "to_port": 80,
            "type": "ingress"
          },
          "sensitive_attributes": [],
          "private": "eyJzY2hlbWFfdmVyc2lvbiI6IjIifQ==",
          "dependencies": [
            "aws_security_group.my_security_group",
            "aws_vpc.my_vpc"
          ]
        }
      ]
    },
    {
      "mode": "managed",
      "type": "aws_security_group_rule",
      "name": "tls_in",
      "provider": "provider[\"registry.terraform.io/hashicorp/aws\"]",
      "instances": [
        {
          "schema_version": 2,
          "attributes": {
            "cidr_blocks": [
              "0.0.0.0/0"
            ],
            "description": "",
            "from_port": 443,
            "id": "sgrule-751272702",
            "ipv6_cidr_blocks": [],
            "prefix_list_ids": [],
            "protocol": "tcp",
            "security_group_id": "sg-0939626031c0d113d",
            "self": false,
            "source_security_group_id": null,
            "to_port": 443,
            "type": "ingress"
          },
          "sensitive_attributes": [],
          "private": "eyJzY2hlbWFfdmVyc2lvbiI6IjIifQ==",
          "dependencies": [
            "aws_security_group.my_security_group",
            "aws_vpc.my_vpc"
          ]
        }
      ]
    },
    {
      "mode": "managed",
      "type": "aws_vpc",
      "name": "my_vpc",
      "provider": "provider[\"registry.terraform.io/hashicorp/aws\"]",
      "instances": [
        {
          "schema_version": 1,
          "attributes": {
            "arn": "arn:aws:ec2:ap-south-1:324474139280:vpc/vpc-06f64119a8e4d9f0a",
            "assign_generated_ipv6_cidr_block": false,
            "cidr_block": "10.0.0.0/16",
            "default_network_acl_id": "acl-04361cea7c226093e",
            "default_route_table_id": "rtb-0e94fcca4ba71a3b7",
            "default_security_group_id": "sg-0a9c03b15fa94a592",
            "dhcp_options_id": "dopt-0195eb5fe75ae1402",
            "enable_classiclink": false,
            "enable_classiclink_dns_support": false,
            "enable_dns_hostnames": false,
            "enable_dns_support": true,
            "id": "vpc-06f64119a8e4d9f0a",
            "instance_tenancy": "default",
            "ipv4_ipam_pool_id": null,
            "ipv4_netmask_length": null,
            "ipv6_association_id": "",
            "ipv6_cidr_block": "",
            "ipv6_cidr_block_network_border_group": "",
            "ipv6_ipam_pool_id": "",
            "ipv6_netmask_length": 0,
            "main_route_table_id": "rtb-0e94fcca4ba71a3b7",
            "owner_id": "324474139280",
            "tags": {},
            "tags_all": {}
          },
          "sensitive_attributes": [],
          "private": "eyJzY2hlbWFfdmVyc2lvbiI6IjEifQ=="
        }
      ]
    },
    {
      "mode": "managed",
      "type": "aws_vpc",
      "name": "my_vpc_nvirginia",
      "provider": "provider[\"registry.terraform.io/hashicorp/aws\"].nvirginia",
      "instances": [
        {
          "schema_version": 1,
          "attributes": {
            "arn": "arn:aws:ec2:us-east-1:324474139280:vpc/vpc-0d8b345b4981cef08",
            "assign_generated_ipv6_cidr_block": false,
            "cidr_block": "10.0.0.0/16",
            "default_network_acl_id": "acl-0f48b0d3cddf9002b",
            "default_route_table_id": "rtb-0afb93e4e4b6d0ae4",
            "default_security_group_id": "sg-0e4eb1822e512e7d8",
            "dhcp_options_id": "dopt-0c1daa7c0bd8aa7f3",
            "enable_classiclink": false,
            "enable_classiclink_dns_support": false,
            "enable_dns_hostnames": false,
            "enable_dns_support": true,
            "id": "vpc-0d8b345b4981cef08",
            "instance_tenancy": "default",
            "ipv4_ipam_pool_id": null,
            "ipv4_netmask_length": null,
            "ipv6_association_id": "",
            "ipv6_cidr_block": "",
            "ipv6_cidr_block_network_border_group": "",
            "ipv6_ipam_pool_id": "",
            "ipv6_netmask_length": 0,
            "main_route_table_id": "rtb-0afb93e4e4b6d0ae4",
            "owner_id": "324474139280",
            "tags": {},
            "tags_all": {}
          },
          "sensitive_attributes": [],
          "private": "eyJzY2hlbWFfdmVyc2lvbiI6IjEifQ=="
        }
      ]
    },
    {
      "module": "module.work_queue",
      "mode": "managed",
      "type": "aws_sqs_queue",
      "name": "sqs",
      "provider": "provider[\"registry.terraform.io/hashicorp/aws\"]",
      "instances": [
        {
          "schema_version": 0,
          "attributes": {
            "arn": "arn:aws:sqs:ap-south-1:324474139280:bad_co-work-queue",
            "content_based_deduplication": false,
            "deduplication_scope": "",
            "delay_seconds": 0,
            "fifo_queue": false,
            "fifo_throughput_limit": "",
            "id": "https://sqs.ap-south-1.amazonaws.com/324474139280/bad_co-work-queue",
            "kms_data_key_reuse_period_seconds": 300,
            "kms_master_key_id": "",
            "max_message_size": 262144,
            "message_retention_seconds": 345600,
            "name": "bad_co-work-queue",
            "name_prefix": "",
            "policy": "",
            "receive_wait_time_seconds": 20,
            "redrive_allow_policy": "",
            "redrive_policy": "{\"deadLetterTargetArn\":\"arn:aws:sqs:ap-south-1:324474139280:bad_co-work-queue-dead-letter\",\"maxReceiveCount\":5}",
            "sqs_managed_sse_enabled": false,
            "tags": {},
            "tags_all": {},
            "url": "https://sqs.ap-south-1.amazonaws.com/324474139280/bad_co-work-queue",
            "visibility_timeout_seconds": 30
          },
          "sensitive_attributes": [],
          "private": "bnVsbA==",
          "dependencies": [
            "module.work_queue.aws_sqs_queue.sqs_dead_letter"
          ]
        }
      ]
    },
    {
      "module": "module.work_queue",
      "mode": "managed",
      "type": "aws_sqs_queue",
      "name": "sqs_dead_letter",
      "provider": "provider[\"registry.terraform.io/hashicorp/aws\"]",
      "instances": [
        {
          "schema_version": 0,
          "attributes": {
            "arn": "arn:aws:sqs:ap-south-1:324474139280:bad_co-work-queue-dead-letter",
            "content_based_deduplication": false,
            "deduplication_scope": "",
            "delay_seconds": 0,
            "fifo_queue": false,
            "fifo_throughput_limit": "",
            "id": "https://sqs.ap-south-1.amazonaws.com/324474139280/bad_co-work-queue-dead-letter",
            "kms_data_key_reuse_period_seconds": 300,
            "kms_master_key_id": "",
            "max_message_size": 262144,
            "message_retention_seconds": 1209600,
            "name": "bad_co-work-queue-dead-letter",
            "name_prefix": "",
            "policy": "",
            "receive_wait_time_seconds": 20,
            "redrive_allow_policy": "",
            "redrive_policy": "",
            "sqs_managed_sse_enabled": false,
            "tags": {},
            "tags_all": {},
            "url": "https://sqs.ap-south-1.amazonaws.com/324474139280/bad_co-work-queue-dead-letter",
            "visibility_timeout_seconds": 30
          },
          "sensitive_attributes": [],
          "private": "bnVsbA=="
        }
      ]
    }
  ]
}
